
Microsoft Visual Studio Solution File, Format Version 11.00
# Visual Studio 2010
Project("{8BC9CEB8-8B4A-11D0-8D11-00A0C91BC942}") = "trayify", "trayify\trayify.vcxproj", "{C75C6273-5691-479F-A596-AD07E497049D}"
EndProject
Global
	GlobalSection(SolutionConfigurationPlatforms) = preSolution
		Debug|Win32 = Debug|Win32
		Release|Win32 = Release|Win32
	EndGlobalSection
	GlobalSection(ProjectConfigurationPlatforms) = postSolution
		{C75C6273-5691-479F-A596-AD07E497049D}.Debug|Win32.ActiveCfg = Debug|Win32
		{C75C6273-5691-479F-A596-AD07E497049D}.Debug|Win32.Build.0 = Debug|Win32
		{C75C6273-5691-479F-A596-AD07E497049D}.Release|Win32.ActiveCfg = Release|Win32
		{C75C6273-5691-479F-A596-AD07E497049D}.Release|Win32.Build.0 = Release|Win32
	EndGlobalSection
	GlobalSection(SolutionProperties) = preSolution
		HideSolutionNode = FALSE
	EndGlobalSection
EndGlobal
